
Microsoft Visual Studio Solution File, Format Version 12.00
# Visual Studio 15
VisualStudioVersion = 15.0.28307.489
MinimumVisualStudioVersion = 10.0.40219.1
Project("{FAE04EC0-301F-11D3-BF4B-00C04F79EFBC}") = "AndroidBack29s18", "AndroidBack29s18\AndroidBack29s18.csproj", "{5120B1BF-3C0E-42DD-8348-A0DCC76A61FE}"
EndProject
Global
	GlobalSection(SolutionConfigurationPlatforms) = preSolution
		Debug|Any CPU = Debug|Any CPU
		Release|Any CPU = Release|Any CPU
	EndGlobalSection
	GlobalSection(ProjectConfigurationPlatforms) = postSolution
		{5120B1BF-3C0E-42DD-8348-A0DCC76A61FE}.Debug|Any CPU.ActiveCfg = Debug|Any CPU
		{5120B1BF-3C0E-42DD-8348-A0DCC76A61FE}.Debug|Any CPU.Build.0 = Debug|Any CPU
		{5120B1BF-3C0E-42DD-8348-A0DCC76A61FE}.Release|Any CPU.ActiveCfg = Release|Any CPU
		{5120B1BF-3C0E-42DD-8348-A0DCC76A61FE}.Release|Any CPU.Build.0 = Release|Any CPU
	EndGlobalSection
	GlobalSection(SolutionProperties) = preSolution
		HideSolutionNode = FALSE
	EndGlobalSection
	GlobalSection(ExtensibilityGlobals) = postSolution
		SolutionGuid = {01142666-9D5F-454E-8843-5AB610065673}
	EndGlobalSection
EndGlobal
